{"name":"atlas-enterprise-suite","lockfileVersion":3,"requires":true,"packages":{"":{"name":"atlas-enterprise-suite","workspaces":["apps/*","packages/*"],"devDependencies":{"@testing-library/dom":"^10.4.1","@testing-library/jest-dom":"^6.6.3","@testing-library/react":"^16.1.0","@types/react":"^18.3.12","@types/react-dom":"^18.3.1","@vitejs/plugin-react":"4.7.0","jsdom":"^25.0.1","react":"18.3.1","react-dom":"18.3.1","typescript":"^5.7.2","vite":"6.4.3","vitest":"3.2.6"}},"apps/web":{"name":"@atlas/web","version":"0.1.0","dependencies":{"react":"18.3.1","react-dom":"18.3.1","react-router-dom":"7.18.3"}},"node_modules/@adobe/css-tools":{"version":"4.5.0","resolved":"https://registry.npmjs.org/@adobe/css-tools/-/css-tools-4.5.0.tgz","integrity":"sha512-6OzddxPio9UiWTCemp4N8cYLV2ZN1ncRnV1cVGtve7dhPOtRkleRyx32GQCYSwDYgaHU3USMm84tNsvKzRCa1Q==","dev":true,"license":"MIT"},"node_modules/@asamuzakjp/css-color":{"version":"3.2.0","resolved":"https://registry.npmjs.org/@asamuzakjp/css-color/-/css-color-3.2.0.tgz","integrity":"sha512-K1A6z8tS3XsmCMM86xoWdn7Fkdn9m6RSVtocUrJYIwZnFVkng/PvkEoWtOWmP+Scc6saYWHWZYbndEEXxl24jw==","dev":true,"license":"MIT","dependencies":{"@csstools/css-calc":"^2.1.3","@csstools/css-color-parser":"^3.0.9","@csstools/css-parser-algorithms":"^3.0.4","@csstools/css-tokenizer":"^3.0.3","lru-cache":"^10.4.3"}},"node_modules/@asamuzakjp/css-color/node_modules/lru-cache":{"version":"10.4.3","resolved":"https://registry.npmjs.org/lru-cache/-/lru-cache-10.4.3.tgz","integrity":"sha512-JNAzZcXrCt42VGLuYz0zfAzDfAvJWW6AfYlDBQyDV5DClI2m5sAmK+OIO7s59XfsRsWHp02jAJrRadPRGTt6SQ==","dev":true,"license":"ISC"},"node_modules/@atlas/accounting":{"resolved":"packages/accounting","link":true},"node_modules/@atlas/audit-ledger":{"resolved":"packages/audit-ledger","link":true},"node_modules/@atlas/core":{"resolved":"packages/core","link":true},"node_modules/@atlas/execution":{"resolved":"packages/execution","link":true},"node_modules/@atlas/web":{"resolved":"apps/web","link":true},"node_modules/@babel/code-frame":{"version":"7.29.7","resolved":"https://registry.npmjs.org/@babel/code-frame/-/code-frame-7.29.7.tgz","integrity":"sha512-Aup7aUOfpbAUg2ROOJN6Iw5f9DMBlzu0mIkm/malLQFN/YQgO48wCj0Kxa3sEHJvPVFgsiRInwXd2qhQKw==","dev":true,"license":"MIT","dependencies":{"@babel/helper-validator-identifier":"^7.29.7","js-tokens":"^4.0.0","picocolors":"^1.1.1"},"engines":{"node":">=6.9.0"}},"packages/accounting":{"name":"@atlas/accounting","version":"0.1.0"},"packages/audit-ledger":{"name":"@atlas/audit-ledger","version":"0.1.0"},"packages/core":{"name":"@atlas/core","version":"0.1.0"},"packages/execution":{"name":"@atlas/execution","version":"0.1.0"}}}